
Microsoft Visual Studio Solution File, Format Version 12.00
# Visual Studio Version 17
VisualStudioVersion = 17.4.33205.214
MinimumVisualStudioVersion = 10.0.40219.1
Project("{FAE04EC0-301F-11D3-BF4B-00C04F79EFBC}") = "HTMLtoPDFReport", "HTMLtoPDFReport\HTMLtoPDFReport.csproj", "{AE7B7E9E-6279-4C71-A446-4E38E364CE72}"
EndProject
Global
	GlobalSection(SolutionConfigurationPlatforms) = preSolution
		Debug|Any CPU = Debug|Any CPU
		Release|Any CPU = Release|Any CPU
	EndGlobalSection
	GlobalSection(ProjectConfigurationPlatforms) = postSolution
		{AE7B7E9E-6279-4C71-A446-4E38E364CE72}.Debug|Any CPU.ActiveCfg = Debug|Any CPU
		{AE7B7E9E-6279-4C71-A446-4E38E364CE72}.Debug|Any CPU.Build.0 = Debug|Any CPU
		{AE7B7E9E-6279-4C71-A446-4E38E364CE72}.Release|Any CPU.ActiveCfg = Release|Any CPU
		{AE7B7E9E-6279-4C71-A446-4E38E364CE72}.Release|Any CPU.Build.0 = Release|Any CPU
	EndGlobalSection
	GlobalSection(SolutionProperties) = preSolution
		HideSolutionNode = FALSE
	EndGlobalSection
	GlobalSection(ExtensibilityGlobals) = postSolution
		SolutionGuid = {6893ACB8-DB9F-452C-A13C-D772908155D0}
	EndGlobalSection
EndGlobal
